
Microsoft Visual Studio Solution File, Format Version 12.00
# Visual Studio 14
VisualStudioVersion = 14.0.24720.0
MinimumVisualStudioVersion = 10.0.40219.1
Project("{8BB2217D-0F2D-49D1-97BC-3654ED321F3B}") = "aegyoBot", "aegyoBot\aegyoBot.xproj", "{BC67C2E1-F924-4B82-9B1C-D5E562E07E05}"
EndProject
Project("{8BB2217D-0F2D-49D1-97BC-3654ED321F3B}") = "Discord.Net", "Discord.Net\src\Discord.Net\Discord.Net.xproj", "{ACFB060B-EC8A-4926-B293-04C01E17EE23}"
EndProject
Project("{8BB2217D-0F2D-49D1-97BC-3654ED321F3B}") = "Discord.Net.Audio", "Discord.Net\src\Discord.Net.Audio\Discord.Net.Audio.xproj", "{DFF7AFE3-CA77-4109-BADE-B4B49A4F6648}"
EndProject
Project("{8BB2217D-0F2D-49D1-97BC-3654ED321F3B}") = "Discord.Net.Commands", "Discord.Net\src\Discord.Net.Commands\Discord.Net.Commands.xproj", "{19793545-EF89-48F4-8100-3EBAAD0A9141}"
EndProject
Project("{8BB2217D-0F2D-49D1-97BC-3654ED321F3B}") = "Discord.Net.Modules", "Discord.Net\src\Discord.Net.Modules\Discord.Net.Modules.xproj", "{01584E8A-78DA-486F-9EF9-A894E435841B}"
EndProject
Global
	GlobalSection(SolutionConfigurationPlatforms) = preSolution
		Debug|Any CPU = Debug|Any CPU
		Release|Any CPU = Release|Any CPU
		TestResponses|Any CPU = TestResponses|Any CPU
	EndGlobalSection
	GlobalSection(ProjectConfigurationPlatforms) = postSolution
		{BC67C2E1-F924-4B82-9B1C-D5E562E07E05}.Debug|Any CPU.ActiveCfg = Debug|Any CPU
		{BC67C2E1-F924-4B82-9B1C-D5E562E07E05}.Debug|Any CPU.Build.0 = Debug|Any CPU
		{BC67C2E1-F924-4B82-9B1C-D5E562E07E05}.Release|Any CPU.ActiveCfg = Release|Any CPU
		{BC67C2E1-F924-4B82-9B1C-D5E562E07E05}.Release|Any CPU.Build.0 = Release|Any CPU
		{BC67C2E1-F924-4B82-9B1C-D5E562E07E05}.TestResponses|Any CPU.ActiveCfg = Release|Any CPU
		{BC67C2E1-F924-4B82-9B1C-D5E562E07E05}.TestResponses|Any CPU.Build.0 = Release|Any CPU
		{ACFB060B-EC8A-4926-B293-04C01E17EE23}.Debug|Any CPU.ActiveCfg = Debug|Any CPU
		{ACFB060B-EC8A-4926-B293-04C01E17EE23}.Debug|Any CPU.Build.0 = Debug|Any CPU
		{ACFB060B-EC8A-4926-B293-04C01E17EE23}.Release|Any CPU.ActiveCfg = Release|Any CPU
		{ACFB060B-EC8A-4926-B293-04C01E17EE23}.Release|Any CPU.Build.0 = Release|Any CPU
		{ACFB060B-EC8A-4926-B293-04C01E17EE23}.TestResponses|Any CPU.ActiveCfg = TestResponses|Any CPU
		{ACFB060B-EC8A-4926-B293-04C01E17EE23}.TestResponses|Any CPU.Build.0 = TestResponses|Any CPU
		{DFF7AFE3-CA77-4109-BADE-B4B49A4F6648}.Debug|Any CPU.ActiveCfg = Debug|Any CPU
		{DFF7AFE3-CA77-4109-BADE-B4B49A4F6648}.Debug|Any CPU.Build.0 = Debug|Any CPU
		{DFF7AFE3-CA77-4109-BADE-B4B49A4F6648}.Release|Any CPU.ActiveCfg = Release|Any CPU
		{DFF7AFE3-CA77-4109-BADE-B4B49A4F6648}.Release|Any CPU.Build.0 = Release|Any CPU
		{DFF7AFE3-CA77-4109-BADE-B4B49A4F6648}.TestResponses|Any CPU.ActiveCfg = Debug|Any CPU
		{DFF7AFE3-CA77-4109-BADE-B4B49A4F6648}.TestResponses|Any CPU.Build.0 = Debug|Any CPU
		{19793545-EF89-48F4-8100-3EBAAD0A9141}.Debug|Any CPU.ActiveCfg = Debug|Any CPU
		{19793545-EF89-48F4-8100-3EBAAD0A9141}.Debug|Any CPU.Build.0 = Debug|Any CPU
		{19793545-EF89-48F4-8100-3EBAAD0A9141}.Release|Any CPU.ActiveCfg = Release|Any CPU
		{19793545-EF89-48F4-8100-3EBAAD0A9141}.Release|Any CPU.Build.0 = Release|Any CPU
		{19793545-EF89-48F4-8100-3EBAAD0A9141}.TestResponses|Any CPU.ActiveCfg = Debug|Any CPU
		{19793545-EF89-48F4-8100-3EBAAD0A9141}.TestResponses|Any CPU.Build.0 = Debug|Any CPU
		{01584E8A-78DA-486F-9EF9-A894E435841B}.Debug|Any CPU.ActiveCfg = Debug|Any CPU
		{01584E8A-78DA-486F-9EF9-A894E435841B}.Debug|Any CPU.Build.0 = Debug|Any CPU
		{01584E8A-78DA-486F-9EF9-A894E435841B}.Release|Any CPU.ActiveCfg = Release|Any CPU
		{01584E8A-78DA-486F-9EF9-A894E435841B}.Release|Any CPU.Build.0 = Release|Any CPU
		{01584E8A-78DA-486F-9EF9-A894E435841B}.TestResponses|Any CPU.ActiveCfg = Debug|Any CPU
		{01584E8A-78DA-486F-9EF9-A894E435841B}.TestResponses|Any CPU.Build.0 = Debug|Any CPU
	EndGlobalSection
	GlobalSection(SolutionProperties) = preSolution
		HideSolutionNode = FALSE
	EndGlobalSection
EndGlobal
